{
  "name": "@glennsl/rescript-geojson",
  "version": "1.0.2",
  "lockfileVersion": 3,
  "requires": true,
  "packages": {
    "": {
      "name": "@glennsl/rescript-geojson",
      "version": "1.0.2",
      "license": "(LGPL-3.0 OR MPL-2.0)",
      "dependencies": {
        "@glennsl/rescript-json-combinators": "^1.2.1"
      },
      "devDependencies": {
        "rescript": "12.0.0-alpha.3"
      }
    },
    "node_modules/@glennsl/rescript-json-combinators": {
      "version": "1.2.1",
      "resolved": "https://registry.npmjs.org/@glennsl/rescript-json-combinators/-/rescript-json-combinators-1.2.1.tgz",
      "integrity": "sha512-2Tw7NtrPerxN+9Y0u9bl9rUgqUqFcZkkRYELjHu9mIT/PDG3n8lO/osrwMIfoo6ze2FAur0Fw8hfDRJV8n3W3A=="
    },
    "node_modules/rescript": {
      "version": "12.0.0-alpha.3",
      "resolved": "https://registry.npmjs.org/rescript/-/rescript-12.0.0-alpha.3.tgz",
      "integrity": "sha512-zGUw/BzALrsCmf5C/WNA/BlC9GumgrlgKkPiRv5iAz9+PeuKiVNjSXF6gHoG9G+8JdWu7R9YQxOzPQp+Ypy8uQ==",
      "dev": true,
      "hasInstallScript": true,
      "bin": {
        "bsc": "bsc",
        "bstracing": "lib/bstracing",
        "rescript": "rescript",
        "rewatch": "cli/rewatch"
      },
      "engines": {
        "node": ">=18"
      }
    }
  }
}
