{
  "name": "rescript-geojson",
  "lockfileVersion": 3,
  "requires": true,
  "packages": {
    "": {
      "dependencies": {
        "@glennsl/rescript-json-combinators": "^1.2.1",
        "rescript": "^10.1.4"
      },
      "version": "1.0.1"
    },
    "node_modules/@glennsl/rescript-json-combinators": {
      "version": "1.2.1",
      "resolved": "https://registry.npmjs.org/@glennsl/rescript-json-combinators/-/rescript-json-combinators-1.2.1.tgz",
      "integrity": "sha512-2Tw7NtrPerxN+9Y0u9bl9rUgqUqFcZkkRYELjHu9mIT/PDG3n8lO/osrwMIfoo6ze2FAur0Fw8hfDRJV8n3W3A=="
    },
    "node_modules/rescript": {
      "version": "10.1.4",
      "resolved": "https://registry.npmjs.org/rescript/-/rescript-10.1.4.tgz",
      "integrity": "sha512-FFKlS9AG/XrLepWsyw7B+A9DtQBPWEPDPDKghV831Y2KGbie+eeFBOS0xtRHp0xbt7S0N2Dm6hhX+kTZQ/3Ybg==",
      "hasInstallScript": true,
      "bin": {
        "bsc": "bsc",
        "bsrefmt": "bsrefmt",
        "bstracing": "lib/bstracing",
        "rescript": "rescript"
      }
    }
  },
  "version": "1.0.1"
}
