{
  "name": "rescript-geojson",
  "lockfileVersion": 3,
  "requires": true,
  "packages": {
    "": {
      "dependencies": {
        "rescript": "^11.0.0-beta.1"
      }
    },
    "node_modules/rescript": {
      "version": "11.0.0-beta.1",
      "resolved": "https://registry.npmjs.org/rescript/-/rescript-11.0.0-beta.1.tgz",
      "integrity": "sha512-oKgMJAj/hLQFdWcp3hDcRsTJ/HaVdX5Ze41Egj9XUCBzKP89026e/I3eV4N3+OvLPskvvFwiTEVeR3yiDGVTYA==",
      "hasInstallScript": true,
      "bin": {
        "bsc": "bsc",
        "bstracing": "lib/bstracing",
        "rescript": "rescript"
      },
      "engines": {
        "node": ">=10"
      }
    }
  }
}
